// !$*UTF8*$!
{
	archiveVersion = 1;
	classes = {
	};
	objectVersion = 46;
	objects = {

/* Begin PBXBuildFile section */
		2F28BF541C34CBAE00500124 /* AppDelegate.swift in Sources */ = {isa = PBXBuildFile; fileRef = 2F28BF531C34CBAE00500124 /* AppDelegate.swift */; };
		2F28BF561C34CBAF00500124 /* ViewController.swift in Sources */ = {isa = PBXBuildFile; fileRef = 2F28BF551C34CBAF00500124 /* ViewController.swift */; };
		2F28BF591C34CBAF00500124 /* Main.storyboard in Resources */ = {isa = PBXBuildFile; fileRef = 2F28BF571C34CBAF00500124 /* Main.storyboard */; };
		2F28BF5B1C34CBAF00500124 /* Assets.xcassets in Resources */ = {isa = PBXBuildFile; fileRef = 2F28BF5A1C34CBAF00500124 /* Assets.xcassets */; };
		2F28BF5E1C34CBAF00500124 /* LaunchScreen.storyboard in Resources */ = {isa = PBXBuildFile; fileRef = 2F28BF5C1C34CBAF00500124 /* LaunchScreen.storyboard */; };
		2F28BF691C34CBAF00500124 /* TipCalTests.swift in Sources */ = {isa = PBXBuildFile; fileRef = 2F28BF681C34CBAF00500124 /* TipCalTests.swift */; };
		2F28BF741C34CBAF00500124 /* TipCalUITests.swift in Sources */ = {isa = PBXBuildFile; fileRef = 2F28BF731C34CBAF00500124 /* TipCalUITests.swift */; };
/* End PBXBuildFile section */

/* Begin PBXContainerItemProxy section */
		2F28BF651C34CBAF00500124 /* PBXContainerItemProxy */ = {
			isa = PBXContainerItemProxy;
			containerPortal = 2F28BF481C34CBAE00500124 /* Project object */;
			proxyType = 1;
			remoteGlobalIDString = 2F28BF4F1C34CBAE00500124;
			remoteInfo = TipCal;
		};
		2F28BF701C34CBAF00500124 /* PBXContainerItemProxy */ = {
			isa = PBXContainerItemProxy;
			containerPortal = 2F28BF481C34CBAE00500124 /* Project object */;
			proxyType = 1;
			remoteGlobalIDString = 2F28BF4F1C34CBAE00500124;
			remoteInfo = TipCal;
		};
/* End PBXContainerItemProxy section */

/* Begin PBXFileReference section */
		2F28BF501C34CBAE00500124 /* TipCal.app */ = {isa = PBXFileReference; explicitFileType = wrapper.application; includeInIndex = 0; path = TipCal.app; sourceTree = BUILT_PRODUCTS_DIR; };
		2F28BF531C34CBAE00500124 /* AppDelegate.swift */ = {isa = PBXFileReference; lastKnownFileType = sourcecode.swift; path = AppDelegate.swift; sourceTree = "<group>"; };
		2F28BF551C34CBAF00500124 /* ViewController.swift */ = {isa = PBXFileReference; lastKnownFileType = sourcecode.swift; path = ViewController.swift; sourceTree = "<group>"; };
		2F28BF581C34CBAF00500124 /* Base */ = {isa = PBXFileReference; lastKnownFileType = file.storyboard; name = Base; path = Base.lproj/Main.storyboard; sourceTree = "<group>"; };
		2F28BF5A1C34CBAF00500124 /* Assets.xcassets */ = {isa = PBXFileReference; lastKnownFileType = folder.assetcatalog; path = Assets.xcassets; sourceTree = "<group>"; };
		2F28BF5D1C34CBAF00500124 /* Base */ = {isa = PBXFileReference; lastKnownFileType = file.storyboard; name = Base; path = Base.lproj/LaunchScreen.storyboard; sourceTree = "<group>"; };
		2F28BF5F1C34CBAF00500124 /* Info.plist */ = {isa = PBXFileReference; lastKnownFileType = text.plist.xml; path = Info.plist; sourceTree = "<group>"; };
		2F28BF641C34CBAF00500124 /* TipCalTests.xctest */ = {isa = PBXFileReference; explicitFileType = wrapper.cfbundle; includeInIndex = 0; path = TipCalTests.xctest; sourceTree = BUILT_PRODUCTS_DIR; };
		2F28BF681C34CBAF00500124 /* TipCalTests.swift */ = {isa = PBXFileReference; lastKnownFileType = sourcecode.swift; path = TipCalTests.swift; sourceTree = "<group>"; };
		2F28BF6A1C34CBAF00500124 /* Info.plist */ = {isa = PBXFileReference; lastKnownFileType = text.plist.xml; path = Info.plist; sourceTree = "<group>"; };
		2F28BF6F1C34CBAF00500124 /* TipCalUITests.xctest */ = {isa = PBXFileReference; explicitFileType = wrapper.cfbundle; includeInIndex = 0; path = TipCalUITests.xctest; sourceTree = BUILT_PRODUCTS_DIR; };
		2F28BF731C34CBAF00500124 /* TipCalUITests.swift */ = {isa = PBXFileReference; lastKnownFileType = sourcecode.swift; path = TipCalUITests.swift; sourceTree = "<group>"; };
		2F28BF751C34CBAF00500124 /* Info.plist */ = {isa = PBXFileReference; lastKnownFileType = text.plist.xml; path = Info.plist; sourceTree = "<group>"; };
/* End PBXFileReference section */

/* Begin PBXFrameworksBuildPhase section */
		2F28BF4D1C34CBAE00500124 /* Frameworks */ = {
			isa = PBXFrameworksBuildPhase;
			buildActionMask = 2147483647;
			files = (
			);
			runOnlyForDeploymentPostprocessing = 0;
		};
		2F28BF611C34CBAF00500124 /* Frameworks */ = {
			isa = PBXFrameworksBuildPhase;
			buildActionMask = 2147483647;
			files = (
			);
			runOnlyForDeploymentPostprocessing = 0;
		};
		2F28BF6C1C34CBAF00500124 /* Frameworks */ = {
			isa = PBXFrameworksBuildPhase;
			buildActionMask = 2147483647;
			files = (
			);
			runOnlyForDeploymentPostprocessing = 0;
		};
/* End PBXFrameworksBuildPhase section */

/* Begin PBXGroup section */
		2F28BF471C34CBAE00500124 = {
			isa = PBXGroup;
			children = (
				2F28BF521C34CBAE00500124 /* TipCal */,
				2F28BF671C34CBAF00500124 /* TipCalTests */,
				2F28BF721C34CBAF00500124 /* TipCalUITests */,
				2F28BF511C34CBAE00500124 /* Products */,
			);
			sourceTree = "<group>";
		};
		2F28BF511C34CBAE00500124 /* Products */ = {
			isa = PBXGroup;
			children = (
				2F28BF501C34CBAE00500124 /* TipCal.app */,
				2F28BF641C34CBAF00500124 /* TipCalTests.xctest */,
				2F28BF6F1C34CBAF00500124 /* TipCalUITests.xctest */,
			);
			name = Products;
			sourceTree = "<group>";
		};
		2F28BF521C34CBAE00500124 /* TipCal */ = {
			isa = PBXGroup;
			children = (
				2F28BF531C34CBAE00500124 /* AppDelegate.swift */,
				2F28BF551C34CBAF00500124 /* ViewController.swift */,
				2F28BF571C34CBAF00500124 /* Main.storyboard */,
				2F28BF5A1C34CBAF00500124 /* Assets.xcassets */,
				2F28BF5C1C34CBAF00500124 /* LaunchScreen.storyboard */,
				2F28BF5F1C34CBAF00500124 /* Info.plist */,
			);
			path = TipCal;
			sourceTree = "<group>";
		};
		2F28BF671C34CBAF00500124 /* TipCalTests */ = {
			isa = PBXGroup;
			children = (
				2F28BF681C34CBAF00500124 /* TipCalTests.swift */,
				2F28BF6A1C34CBAF00500124 /* Info.plist */,
			);
			path = TipCalTests;
			sourceTree = "<group>";
		};
		2F28BF721C34CBAF00500124 /* TipCalUITests */ = {
			isa = PBXGroup;
			children = (
				2F28BF731C34CBAF00500124 /* TipCalUITests.swift */,
				2F28BF751C34CBAF00500124 /* Info.plist */,
			);
			path = TipCalUITests;
			sourceTree = "<group>";
		};
/* End PBXGroup section */

/* Begin PBXNativeTarget section */
		2F28BF4F1C34CBAE00500124 /* TipCal */ = {
			isa = PBXNativeTarget;
			buildConfigurationList = 2F28BF781C34CBAF00500124 /* Build configuration list for PBXNativeTarget "TipCal" */;
			buildPhases = (
				2F28BF4C1C34CBAE00500124 /* Sources */,
				2F28BF4D1C34CBAE00500124 /* Frameworks */,
				2F28BF4E1C34CBAE00500124 /* Resources */,
			);
			buildRules = (
			);
			dependencies = (
			);
			name = TipCal;
			productName = TipCal;
			productReference = 2F28BF501C34CBAE00500124 /* TipCal.app */;
			productType = "com.apple.product-type.application";
		};
		2F28BF631C34CBAF00500124 /* TipCalTests */ = {
			isa = PBXNativeTarget;
			buildConfigurationList = 2F28BF7B1C34CBAF00500124 /* Build configuration list for PBXNativeTarget "TipCalTests" */;
			buildPhases = (
				2F28BF601C34CBAF00500124 /* Sources */,
				2F28BF611C34CBAF00500124 /* Frameworks */,
				2F28BF621C34CBAF00500124 /* Resources */,
			);
			buildRules = (
			);
			dependencies = (
				2F28BF661C34CBAF00500124 /* PBXTargetDependency */,
			);
			name = TipCalTests;
			productName = TipCalTests;
			productReference = 2F28BF641C34CBAF00500124 /* TipCalTests.xctest */;
			productType = "com.apple.product-type.bundle.unit-test";
		};
		2F28BF6E1C34CBAF00500124 /* TipCalUITests */ = {
			isa = PBXNativeTarget;
			buildConfigurationList = 2F28BF7E1C34CBAF00500124 /* Build configuration list for PBXNativeTarget "TipCalUITests" */;
			buildPhases = (
				2F28BF6B1C34CBAF00500124 /* Sources */,
				2F28BF6C1C34CBAF00500124 /* Frameworks */,
				2F28BF6D1C34CBAF00500124 /* Resources */,
			);
			buildRules = (
			);
			dependencies = (
				2F28BF711C34CBAF00500124 /* PBXTargetDependency */,
			);
			name = TipCalUITests;
			productName = TipCalUITests;
			productReference = 2F28BF6F1C34CBAF00500124 /* TipCalUITests.xctest */;
			productType = "com.apple.product-type.bundle.ui-testing";
		};
/* End PBXNativeTarget section */

/* Begin PBXProject section */
		2F28BF481C34CBAE00500124 /* Project object */ = {
			isa = PBXProject;
			attributes = {
				LastSwiftUpdateCheck = 0720;
				LastUpgradeCheck = 0720;
				ORGANIZATIONNAME = "Satyam Jaiswal";
				TargetAttributes = {
					2F28BF4F1C34CBAE00500124 = {
						CreatedOnToolsVersion = 7.2;
						DevelopmentTeam = PDSZSK5N79;
					};
					2F28BF631C34CBAF00500124 = {
						CreatedOnToolsVersion = 7.2;
						DevelopmentTeam = PDSZSK5N79;
						TestTargetID = 2F28BF4F1C34CBAE00500124;
					};
					2F28BF6E1C34CBAF00500124 = {
						CreatedOnToolsVersion = 7.2;
						DevelopmentTeam = PDSZSK5N79;
						TestTargetID = 2F28BF4F1C34CBAE00500124;
					};
				};
			};
			buildConfigurationList = 2F28BF4B1C34CBAE00500124 /* Build configuration list for PBXProject "TipCal" */;
			compatibilityVersion = "Xcode 3.2";
			developmentRegion = English;
			hasScannedForEncodings = 0;
			knownRegions = (
				en,
				Base,
			);
			mainGroup = 2F28BF471C34CBAE00500124;
			productRefGroup = 2F28BF511C34CBAE00500124 /* Products */;
			projectDirPath = "";
			projectRoot = "";
			targets = (
				2F28BF4F1C34CBAE00500124 /* TipCal */,
				2F28BF631C34CBAF00500124 /* TipCalTests */,
				2F28BF6E1C34CBAF00500124 /* TipCalUITests */,
			);
		};
/* End PBXProject section */

/* Begin PBXResourcesBuildPhase section */
		2F28BF4E1C34CBAE00500124 /* Resources */ = {
			isa = PBXResourcesBuildPhase;
			buildActionMask = 2147483647;
			files = (
				2F28BF5E1C34CBAF00500124 /* LaunchScreen.storyboard in Resources */,
				2F28BF5B1C34CBAF00500124 /* Assets.xcassets in Resources */,
				2F28BF591C34CBAF00500124 /* Main.storyboard in Resources */,
			);
			runOnlyForDeploymentPostprocessing = 0;
		};
		2F28BF621C34CBAF00500124 /* Resources */ = {
			isa = PBXResourcesBuildPhase;
			buildActionMask = 2147483647;
			files = (
			);
			runOnlyForDeploymentPostprocessing = 0;
		};
		2F28BF6D1C34CBAF00500124 /* Resources */ = {
			isa = PBXResourcesBuildPhase;
			buildActionMask = 2147483647;
			files = (
			);
			runOnlyForDeploymentPostprocessing = 0;
		};
/* End PBXResourcesBuildPhase section */

/* Begin PBXSourcesBuildPhase section */
		2F28BF4C1C34CBAE00500124 /* Sources */ = {
			isa = PBXSourcesBuildPhase;
			buildActionMask = 2147483647;
			files = (
				2F28BF561C34CBAF00500124 /* ViewController.swift in Sources */,
				2F28BF541C34CBAE00500124 /* AppDelegate.swift in Sources */,
			);
			runOnlyForDeploymentPostprocessing = 0;
		};
		2F28BF601C34CBAF00500124 /* Sources */ = {
			isa = PBXSourcesBuildPhase;
			buildActionMask = 2147483647;
			files = (
				2F28BF691C34CBAF00500124 /* TipCalTests.swift in Sources */,
			);
			runOnlyForDeploymentPostprocessing = 0;
		};
		2F28BF6B1C34CBAF00500124 /* Sources */ = {
			isa = PBXSourcesBuildPhase;
			buildActionMask = 2147483647;
			files = (
				2F28BF741C34CBAF00500124 /* TipCalUITests.swift in Sources */,
			);
			runOnlyForDeploymentPostprocessing = 0;
		};
/* End PBXSourcesBuildPhase section */

/* Begin PBXTargetDependency section */
		2F28BF661C34CBAF00500124 /* PBXTargetDependency */ = {
			isa = PBXTargetDependency;
			target = 2F28BF4F1C34CBAE00500124 /* TipCal */;
			targetProxy = 2F28BF651C34CBAF00500124 /* PBXContainerItemProxy */;
		};
		2F28BF711C34CBAF00500124 /* PBXTargetDependency */ = {
			isa = PBXTargetDependency;
			target = 2F28BF4F1C34CBAE00500124 /* TipCal */;
			targetProxy = 2F28BF701C34CBAF00500124 /* PBXContainerItemProxy */;
		};
/* End PBXTargetDependency section */

/* Begin PBXVariantGroup section */
		2F28BF571C34CBAF00500124 /* Main.storyboard */ = {
			isa = PBXVariantGroup;
			children = (
				2F28BF581C34CBAF00500124 /* Base */,
			);
			name = Main.storyboard;
			sourceTree = "<group>";
		};
		2F28BF5C1C34CBAF00500124 /* LaunchScreen.storyboard */ = {
			isa = PBXVariantGroup;
			children = (
				2F28BF5D1C34CBAF00500124 /* Base */,
			);
			name = LaunchScreen.storyboard;
			sourceTree = "<group>";
		};
/* End PBXVariantGroup section */

/* Begin XCBuildConfiguration section */
		2F28BF761C34CBAF00500124 /* Debug */ = {
			isa = XCBuildConfiguration;
			buildSettings = {
				ALWAYS_SEARCH_USER_PATHS = NO;
				CLANG_CXX_LANGUAGE_STANDARD = "gnu++0x";
				CLANG_CXX_LIBRARY = "libc++";
				CLANG_ENABLE_MODULES = YES;
				CLANG_ENABLE_OBJC_ARC = YES;
				CLANG_WARN_BOOL_CONVERSION = YES;
				CLANG_WARN_CONSTANT_CONVERSION = YES;
				CLANG_WARN_DIRECT_OBJC_ISA_USAGE = YES_ERROR;
				CLANG_WARN_EMPTY_BODY = YES;
				CLANG_WARN_ENUM_CONVERSION = YES;
				CLANG_WARN_INT_CONVERSION = YES;
				CLANG_WARN_OBJC_ROOT_CLASS = YES_ERROR;
				CLANG_WARN_UNREACHABLE_CODE = YES;
				CLANG_WARN__DUPLICATE_METHOD_MATCH = YES;
				"CODE_SIGN_IDENTITY[sdk=iphoneos*]" = "iPhone Developer";
				COPY_PHASE_STRIP = NO;
				DEBUG_INFORMATION_FORMAT = dwarf;
				ENABLE_STRICT_OBJC_MSGSEND = YES;
				ENABLE_TESTABILITY = YES;
				GCC_C_LANGUAGE_STANDARD = gnu99;
				GCC_DYNAMIC_NO_PIC = NO;
				GCC_NO_COMMON_BLOCKS = YES;
				GCC_OPTIMIZATION_LEVEL = 0;
				GCC_PREPROCESSOR_DEFINITIONS = (
					"DEBUG=1",
					"$(inherited)",
				);
				GCC_WARN_64_TO_32_BIT_CONVERSION = YES;
				GCC_WARN_ABOUT_RETURN_TYPE = YES_ERROR;
				GCC_WARN_UNDECLARED_SELECTOR = YES;
				GCC_WARN_UNINITIALIZED_AUTOS = YES_AGGRESSIVE;
				GCC_WARN_UNUSED_FUNCTION = YES;
				GCC_WARN_UNUSED_VARIABLE = YES;
				IPHONEOS_DEPLOYMENT_TARGET = 9.2;
				MTL_ENABLE_DEBUG_INFO = YES;
				ONLY_ACTIVE_ARCH = YES;
				SDKROOT = iphoneos;
				SWIFT_OPTIMIZATION_LEVEL = "-Onone";
			};
			name = Debug;
		};
		2F28BF771C34CBAF00500124 /* Release */ = {
			isa = XCBuildConfiguration;
			buildSettings = {
				ALWAYS_SEARCH_USER_PATHS = NO;
				CLANG_CXX_LANGUAGE_STANDARD = "gnu++0x";
				CLANG_CXX_LIBRARY = "libc++";
				CLANG_ENABLE_MODULES = YES;
				CLANG_ENABLE_OBJC_ARC = YES;
				CLANG_WARN_BOOL_CONVERSION = YES;
				CLANG_WARN_CONSTANT_CONVERSION = YES;
				CLANG_WARN_DIRECT_OBJC_ISA_USAGE = YES_ERROR;
				CLANG_WARN_EMPTY_BODY = YES;
				CLANG_WARN_ENUM_CONVERSION = YES;
				CLANG_WARN_INT_CONVERSION = YES;
				CLANG_WARN_OBJC_ROOT_CLASS = YES_ERROR;
				CLANG_WARN_UNREACHABLE_CODE = YES;
				CLANG_WARN__DUPLICATE_METHOD_MATCH = YES;
				"CODE_SIGN_IDENTITY[sdk=iphoneos*]" = "iPhone Developer";
				COPY_PHASE_STRIP = NO;
				DEBUG_INFORMATION_FORMAT = "dwarf-with-dsym";
				ENABLE_NS_ASSERTIONS = NO;
				ENABLE_STRICT_OBJC_MSGSEND = YES;
				GCC_C_LANGUAGE_STANDARD = gnu99;
				GCC_NO_COMMON_BLOCKS = YES;
				GCC_WARN_64_TO_32_BIT_CONVERSION = YES;
				GCC_WARN_ABOUT_RETURN_TYPE = YES_ERROR;
				GCC_WARN_UNDECLARED_SELECTOR = YES;
				GCC_WARN_UNINITIALIZED_AUTOS = YES_AGGRESSIVE;
				GCC_WARN_UNUSED_FUNCTION = YES;
				GCC_WARN_UNUSED_VARIABLE = YES;
				IPHONEOS_DEPLOYMENT_TARGET = 9.2;
				MTL_ENABLE_DEBUG_INFO = NO;
				SDKROOT = iphoneos;
				VALIDATE_PRODUCT = YES;
			};
			name = Release;
		};
		2F28BF791C34CBAF00500124 /* Debug */ = {
			isa = XCBuildConfiguration;
			buildSettings = {
				ASSETCATALOG_COMPILER_APPICON_NAME = AppIcon;
				INFOPLIST_FILE = TipCal/Info.plist;
				IPHONEOS_DEPLOYMENT_TARGET = 9.2;
				LD_RUNPATH_SEARCH_PATHS = "$(inherited) @executable_path/Frameworks";
				PRODUCT_BUNDLE_IDENTIFIER = learn.TipCal;
				PRODUCT_NAME = "$(TARGET_NAME)";
			};
			name = Debug;
		};
		2F28BF7A1C34CBAF00500124 /* Release */ = {
			isa = XCBuildConfiguration;
			buildSettings = {
				ASSETCATALOG_COMPILER_APPICON_NAME = AppIcon;
				INFOPLIST_FILE = TipCal/Info.plist;
				IPHONEOS_DEPLOYMENT_TARGET = 9.2;
				LD_RUNPATH_SEARCH_PATHS = "$(inherited) @executable_path/Frameworks";
				PRODUCT_BUNDLE_IDENTIFIER = learn.TipCal;
				PRODUCT_NAME = "$(TARGET_NAME)";
			};
			name = Release;
		};
		2F28BF7C1C34CBAF00500124 /* Debug */ = {
			isa = XCBuildConfiguration;
			buildSettings = {
				BUNDLE_LOADER = "$(TEST_HOST)";
				INFOPLIST_FILE = TipCalTests/Info.plist;
				LD_RUNPATH_SEARCH_PATHS = "$(inherited) @executable_path/Frameworks @loader_path/Frameworks";
				PRODUCT_BUNDLE_IDENTIFIER = learn.TipCalTests;
				PRODUCT_NAME = "$(TARGET_NAME)";
				TEST_HOST = "$(BUILT_PRODUCTS_DIR)/TipCal.app/TipCal";
			};
			name = Debug;
		};
		2F28BF7D1C34CBAF00500124 /* Release */ = {
			isa = XCBuildConfiguration;
			buildSettings = {
				BUNDLE_LOADER = "$(TEST_HOST)";
				INFOPLIST_FILE = TipCalTests/Info.plist;
				LD_RUNPATH_SEARCH_PATHS = "$(inherited) @executable_path/Frameworks @loader_path/Frameworks";
				PRODUCT_BUNDLE_IDENTIFIER = learn.TipCalTests;
				PRODUCT_NAME = "$(TARGET_NAME)";
				TEST_HOST = "$(BUILT_PRODUCTS_DIR)/TipCal.app/TipCal";
			};
			name = Release;
		};
		2F28BF7F1C34CBAF00500124 /* Debug */ = {
			isa = XCBuildConfiguration;
			buildSettings = {
				INFOPLIST_FILE = TipCalUITests/Info.plist;
				LD_RUNPATH_SEARCH_PATHS = "$(inherited) @executable_path/Frameworks @loader_path/Frameworks";
				PRODUCT_BUNDLE_IDENTIFIER = learn.TipCalUITests;
				PRODUCT_NAME = "$(TARGET_NAME)";
				TEST_TARGET_NAME = TipCal;
				USES_XCTRUNNER = YES;
			};
			name = Debug;
		};
		2F28BF801C34CBAF00500124 /* Release */ = {
			isa = XCBuildConfiguration;
			buildSettings = {
				INFOPLIST_FILE = TipCalUITests/Info.plist;
				LD_RUNPATH_SEARCH_PATHS = "$(inherited) @executable_path/Frameworks @loader_path/Frameworks";
				PRODUCT_BUNDLE_IDENTIFIER = learn.TipCalUITests;
				PRODUCT_NAME = "$(TARGET_NAME)";
				TEST_TARGET_NAME = TipCal;
				USES_XCTRUNNER = YES;
			};
			name = Release;
		};
/* End XCBuildConfiguration section */

/* Begin XCConfigurationList section */
		2F28BF4B1C34CBAE00500124 /* Build configuration list for PBXProject "TipCal" */ = {
			isa = XCConfigurationList;
			buildConfigurations = (
				2F28BF761C34CBAF00500124 /* Debug */,
				2F28BF771C34CBAF00500124 /* Release */,
			);
			defaultConfigurationIsVisible = 0;
			defaultConfigurationName = Release;
		};
		2F28BF781C34CBAF00500124 /* Build configuration list for PBXNativeTarget "TipCal" */ = {
			isa = XCConfigurationList;
			buildConfigurations = (
				2F28BF791C34CBAF00500124 /* Debug */,
				2F28BF7A1C34CBAF00500124 /* Release */,
			);
			defaultConfigurationIsVisible = 0;
		};
		2F28BF7B1C34CBAF00500124 /* Build configuration list for PBXNativeTarget "TipCalTests" */ = {
			isa = XCConfigurationList;
			buildConfigurations = (
				2F28BF7C1C34CBAF00500124 /* Debug */,
				2F28BF7D1C34CBAF00500124 /* Release */,
			);
			defaultConfigurationIsVisible = 0;
		};
		2F28BF7E1C34CBAF00500124 /* Build configuration list for PBXNativeTarget "TipCalUITests" */ = {
			isa = XCConfigurationList;
			buildConfigurations = (
				2F28BF7F1C34CBAF00500124 /* Debug */,
				2F28BF801C34CBAF00500124 /* Release */,
			);
			defaultConfigurationIsVisible = 0;
		};
/* End XCConfigurationList section */
	};
	rootObject = 2F28BF481C34CBAE00500124 /* Project object */;
}
